
Microsoft Visual Studio Solution File, Format Version 12.00
# Visual Studio Version 16
VisualStudioVersion = 16.0.29424.173
MinimumVisualStudioVersion = 10.0.40219.1
Project("{FAE04EC0-301F-11D3-BF4B-00C04F79EFBC}") = "ToyDB", "ToyDB.csproj", "{C65DC0BC-D5CD-43F0-806C-3A596BA06A01}"
EndProject
Global
	GlobalSection(SolutionConfigurationPlatforms) = preSolution
		Debug|Any CPU = Debug|Any CPU
		Release|Any CPU = Release|Any CPU
	EndGlobalSection
	GlobalSection(ProjectConfigurationPlatforms) = postSolution
		{C65DC0BC-D5CD-43F0-806C-3A596BA06A01}.Debug|Any CPU.ActiveCfg = Debug|Any CPU
		{C65DC0BC-D5CD-43F0-806C-3A596BA06A01}.Debug|Any CPU.Build.0 = Debug|Any CPU
		{C65DC0BC-D5CD-43F0-806C-3A596BA06A01}.Release|Any CPU.ActiveCfg = Release|Any CPU
		{C65DC0BC-D5CD-43F0-806C-3A596BA06A01}.Release|Any CPU.Build.0 = Release|Any CPU
	EndGlobalSection
	GlobalSection(SolutionProperties) = preSolution
		HideSolutionNode = FALSE
	EndGlobalSection
	GlobalSection(ExtensibilityGlobals) = postSolution
		SolutionGuid = {0EBE0052-DE08-4D0D-ACA6-26DB0145D0CD}
	EndGlobalSection
EndGlobal
